
Microsoft Visual Studio Solution File, Format Version 12.00
Project("{FAE04EC0-301F-11D3-BF4B-00C04F79EFBC}") = "AuthCustomDb", "AuthCustomDb\AuthCustomDb.csproj", "{8B4E5A53-766C-4C7D-AB75-D9933B3028DA}"
EndProject
Global
	GlobalSection(SolutionConfigurationPlatforms) = preSolution
		Debug|Any CPU = Debug|Any CPU
		Release|Any CPU = Release|Any CPU
	EndGlobalSection
	GlobalSection(ProjectConfigurationPlatforms) = postSolution
		{8B4E5A53-766C-4C7D-AB75-D9933B3028DA}.Debug|Any CPU.ActiveCfg = Debug|Any CPU
		{8B4E5A53-766C-4C7D-AB75-D9933B3028DA}.Debug|Any CPU.Build.0 = Debug|Any CPU
		{8B4E5A53-766C-4C7D-AB75-D9933B3028DA}.Release|Any CPU.ActiveCfg = Release|Any CPU
		{8B4E5A53-766C-4C7D-AB75-D9933B3028DA}.Release|Any CPU.Build.0 = Release|Any CPU
	EndGlobalSection
EndGlobal
